{
  "version": 4,
  "terraform_version": "1.1.7",
  "serial": 21,
  "lineage": "e909b322-d277-fa7c-7b0b-c2eb04654975",
  "outputs": {},
  "resources": [
    {
      "mode": "data",
      "type": "google_billing_account",
      "name": "acct",
      "provider": "provider[\"registry.terraform.io/hashicorp/google\"]",
      "instances": [
        {
          "schema_version": 0,
          "attributes": {
            "billing_account": null,
            "display_name": "Mon compte de facturation",
            "id": "01F743-B551D9-B97561",
            "name": "billingAccounts/01F743-B551D9-B97561",
            "open": true,
            "project_ids": [
              "big-data-340810",
              "pdl-032022-bis-1-dev",
              "pdl-032022-dev"
            ]
          },
          "sensitive_attributes": []
        }
      ]
    },
    {
      "mode": "managed",
      "type": "google_bigquery_dataset",
      "name": "dataset_prepared",
      "provider": "provider[\"registry.terraform.io/hashicorp/google\"]",
      "instances": [
        {
          "schema_version": 0,
          "attributes": {
            "access": [
              {
                "dataset": [],
                "domain": "",
                "group_by_email": "",
                "role": "OWNER",
                "special_group": "",
                "user_by_email": "momaicredit@gmail.com",
                "view": []
              },
              {
                "dataset": [],
                "domain": "",
                "group_by_email": "",
                "role": "OWNER",
                "special_group": "projectOwners",
                "user_by_email": "",
                "view": []
              },
              {
                "dataset": [],
                "domain": "",
                "group_by_email": "",
                "role": "READER",
                "special_group": "projectReaders",
                "user_by_email": "",
                "view": []
              },
              {
                "dataset": [],
                "domain": "",
                "group_by_email": "",
                "role": "WRITER",
                "special_group": "projectWriters",
                "user_by_email": "",
                "view": []
              }
            ],
            "creation_time": 1649002448019,
            "dataset_id": "prepared",
            "default_encryption_configuration": [],
            "default_partition_expiration_ms": 0,
            "default_table_expiration_ms": 0,
            "delete_contents_on_destroy": false,
            "description": "le dataset de l'environnement de dev",
            "etag": "CeaMCmpivS/1qWlZgnxC+Q==",
            "friendly_name": "",
            "id": "projects/pdl-032022-bis-1-dev/datasets/prepared",
            "labels": {},
            "last_modified_time": 1649002448019,
            "location": "europe-west1",
            "project": "pdl-032022-bis-1-dev",
            "self_link": "https://bigquery.googleapis.com/bigquery/v2/projects/pdl-032022-bis-1-dev/datasets/prepared",
            "timeouts": null
          },
          "sensitive_attributes": [],
          "private": "eyJlMmJmYjczMC1lY2FhLTExZTYtOGY4OC0zNDM2M2JjN2M0YzAiOnsiY3JlYXRlIjoxMjAwMDAwMDAwMDAwLCJkZWxldGUiOjEyMDAwMDAwMDAwMDAsInVwZGF0ZSI6MTIwMDAwMDAwMDAwMH19",
          "dependencies": [
            "data.google_billing_account.acct",
            "google_project.create_project"
          ]
        }
      ]
    },
    {
      "mode": "managed",
      "type": "google_bigquery_dataset",
      "name": "dataset_raw",
      "provider": "provider[\"registry.terraform.io/hashicorp/google\"]",
      "instances": [
        {
          "schema_version": 0,
          "attributes": {
            "access": [
              {
                "dataset": [],
                "domain": "",
                "group_by_email": "",
                "role": "OWNER",
                "special_group": "",
                "user_by_email": "momaicredit@gmail.com",
                "view": []
              },
              {
                "dataset": [],
                "domain": "",
                "group_by_email": "",
                "role": "OWNER",
                "special_group": "projectOwners",
                "user_by_email": "",
                "view": []
              },
              {
                "dataset": [],
                "domain": "",
                "group_by_email": "",
                "role": "READER",
                "special_group": "projectReaders",
                "user_by_email": "",
                "view": []
              },
              {
                "dataset": [],
                "domain": "",
                "group_by_email": "",
                "role": "WRITER",
                "special_group": "projectWriters",
                "user_by_email": "",
                "view": []
              }
            ],
            "creation_time": 1649002448017,
            "dataset_id": "raw",
            "default_encryption_configuration": [],
            "default_partition_expiration_ms": 0,
            "default_table_expiration_ms": 0,
            "delete_contents_on_destroy": false,
            "description": "le dataset de l'environnement de dev",
            "etag": "6ru5n3KXLPLV0HZTJ38o6A==",
            "friendly_name": "raw",
            "id": "projects/pdl-032022-bis-1-dev/datasets/raw",
            "labels": {},
            "last_modified_time": 1649002448017,
            "location": "europe-west1",
            "project": "pdl-032022-bis-1-dev",
            "self_link": "https://bigquery.googleapis.com/bigquery/v2/projects/pdl-032022-bis-1-dev/datasets/raw",
            "timeouts": null
          },
          "sensitive_attributes": [],
          "private": "eyJlMmJmYjczMC1lY2FhLTExZTYtOGY4OC0zNDM2M2JjN2M0YzAiOnsiY3JlYXRlIjoxMjAwMDAwMDAwMDAwLCJkZWxldGUiOjEyMDAwMDAwMDAwMDAsInVwZGF0ZSI6MTIwMDAwMDAwMDAwMH19",
          "dependencies": [
            "data.google_billing_account.acct",
            "google_project.create_project"
          ]
        }
      ]
    },
    {
      "mode": "managed",
      "type": "google_bigquery_dataset",
      "name": "dataset_sl_viz",
      "provider": "provider[\"registry.terraform.io/hashicorp/google\"]",
      "instances": [
        {
          "schema_version": 0,
          "attributes": {
            "access": [
              {
                "dataset": [],
                "domain": "",
                "group_by_email": "",
                "role": "OWNER",
                "special_group": "",
                "user_by_email": "momaicredit@gmail.com",
                "view": []
              },
              {
                "dataset": [],
                "domain": "",
                "group_by_email": "",
                "role": "OWNER",
                "special_group": "projectOwners",
                "user_by_email": "",
                "view": []
              },
              {
                "dataset": [],
                "domain": "",
                "group_by_email": "",
                "role": "READER",
                "special_group": "projectReaders",
                "user_by_email": "",
                "view": []
              },
              {
                "dataset": [],
                "domain": "",
                "group_by_email": "",
                "role": "WRITER",
                "special_group": "projectWriters",
                "user_by_email": "",
                "view": []
              }
            ],
            "creation_time": 1649002448017,
            "dataset_id": "sl_viz",
            "default_encryption_configuration": [],
            "default_partition_expiration_ms": 0,
            "default_table_expiration_ms": 0,
            "delete_contents_on_destroy": false,
            "description": "le dataset de l'environnement de dev",
            "etag": "A/PpS1zNMt/QjLbCdAtdYg==",
            "friendly_name": "",
            "id": "projects/pdl-032022-bis-1-dev/datasets/sl_viz",
            "labels": {},
            "last_modified_time": 1649002448017,
            "location": "europe-west1",
            "project": "pdl-032022-bis-1-dev",
            "self_link": "https://bigquery.googleapis.com/bigquery/v2/projects/pdl-032022-bis-1-dev/datasets/sl_viz",
            "timeouts": null
          },
          "sensitive_attributes": [],
          "private": "eyJlMmJmYjczMC1lY2FhLTExZTYtOGY4OC0zNDM2M2JjN2M0YzAiOnsiY3JlYXRlIjoxMjAwMDAwMDAwMDAwLCJkZWxldGUiOjEyMDAwMDAwMDAwMDAsInVwZGF0ZSI6MTIwMDAwMDAwMDAwMH19",
          "dependencies": [
            "data.google_billing_account.acct",
            "google_project.create_project"
          ]
        }
      ]
    },
    {
      "mode": "managed",
      "type": "google_cloudfunctions_function",
      "name": "function_pdl",
      "provider": "provider[\"registry.terraform.io/hashicorp/google\"]",
      "instances": [
        {
          "schema_version": 0,
          "attributes": {
            "available_memory_mb": 512,
            "build_environment_variables": null,
            "description": "Trigger when file object is created in the bucket source",
            "entry_point": "process",
            "environment_variables": {
              "BUCKET_NAME_HANDLED": "bkt-pdl-032022-bis-1-dev-handled",
              "BUCKET_NAME_IN": "bkt-pdl-032022-bis-1-dev-in",
              "PROJECT_ID": "pdl-032022-bis-1-dev"
            },
            "event_trigger": [
              {
                "event_type": "google.storage.object.finalize",
                "failure_policy": [
                  {
                    "retry": false
                  }
                ],
                "resource": "projects/_/buckets/bkt-pdl-032022-bis-1-dev-in"
              }
            ],
            "https_trigger_url": null,
            "id": "projects/pdl-032022-bis-1-dev/locations/europe-west1/functions/func-pdl",
            "ingress_settings": "ALLOW_ALL",
            "labels": {},
            "max_instances": 0,
            "min_instances": 0,
            "name": "func-pdl",
            "project": "pdl-032022-bis-1-dev",
            "region": "europe-west1",
            "runtime": "python38",
            "secret_environment_variables": [],
            "secret_volumes": [],
            "service_account_email": "pdl-032022-bis-1-dev@appspot.gserviceaccount.com",
            "source_archive_bucket": "bkt-pdl-032022-bis-1-dev-handled",
            "source_archive_object": "src_code/code.zip",
            "source_repository": [],
            "timeout": 60,
            "timeouts": null,
            "trigger_http": null,
            "vpc_connector": "",
            "vpc_connector_egress_settings": ""
          },
          "sensitive_attributes": [],
          "private": "eyJlMmJmYjczMC1lY2FhLTExZTYtOGY4OC0zNDM2M2JjN2M0YzAiOnsiY3JlYXRlIjozMDAwMDAwMDAwMDAsImRlbGV0ZSI6MzAwMDAwMDAwMDAwLCJyZWFkIjozMDAwMDAwMDAwMDAsInVwZGF0ZSI6MzAwMDAwMDAwMDAwfX0=",
          "dependencies": [
            "google_project.create_project",
            "google_storage_bucket.bucket-auto-expire-handled",
            "google_storage_bucket.bucket-auto-expire-in",
            "google_storage_bucket_object.source_code"
          ]
        }
      ]
    },
    {
      "mode": "managed",
      "type": "google_project",
      "name": "create_project",
      "provider": "provider[\"registry.terraform.io/hashicorp/google\"]",
      "instances": [
        {
          "schema_version": 1,
          "attributes": {
            "auto_create_network": true,
            "billing_account": "01F743-B551D9-B97561",
            "folder_id": null,
            "id": "projects/pdl-032022-bis-1-dev",
            "labels": {},
            "name": "pdl-032022-bis-1-dev",
            "number": "690286925795",
            "org_id": null,
            "project_id": "pdl-032022-bis-1-dev",
            "skip_delete": null,
            "timeouts": null
          },
          "sensitive_attributes": [],
          "private": "eyJlMmJmYjczMC1lY2FhLTExZTYtOGY4OC0zNDM2M2JjN2M0YzAiOnsiY3JlYXRlIjo2MDAwMDAwMDAwMDAsImRlbGV0ZSI6NjAwMDAwMDAwMDAwLCJyZWFkIjo2MDAwMDAwMDAwMDAsInVwZGF0ZSI6NjAwMDAwMDAwMDAwfSwic2NoZW1hX3ZlcnNpb24iOiIxIn0=",
          "dependencies": [
            "data.google_billing_account.acct"
          ]
        }
      ]
    },
    {
      "mode": "managed",
      "type": "google_project_service",
      "name": "bigquery_api",
      "provider": "provider[\"registry.terraform.io/hashicorp/google\"]",
      "instances": [
        {
          "schema_version": 0,
          "attributes": {
            "disable_dependent_services": null,
            "disable_on_destroy": true,
            "id": "pdl-032022-bis-1-dev/bigquery.googleapis.com",
            "project": "pdl-032022-bis-1-dev",
            "service": "bigquery.googleapis.com",
            "timeouts": null
          },
          "sensitive_attributes": [],
          "private": "eyJlMmJmYjczMC1lY2FhLTExZTYtOGY4OC0zNDM2M2JjN2M0YzAiOnsiY3JlYXRlIjoxMjAwMDAwMDAwMDAwLCJkZWxldGUiOjEyMDAwMDAwMDAwMDAsInJlYWQiOjYwMDAwMDAwMDAwMCwidXBkYXRlIjoxMjAwMDAwMDAwMDAwfX0=",
          "dependencies": [
            "data.google_billing_account.acct",
            "google_project.create_project"
          ]
        }
      ]
    },
    {
      "mode": "managed",
      "type": "google_project_service",
      "name": "cloudbuild_api",
      "provider": "provider[\"registry.terraform.io/hashicorp/google\"]",
      "instances": [
        {
          "schema_version": 0,
          "attributes": {
            "disable_dependent_services": null,
            "disable_on_destroy": true,
            "id": "pdl-032022-bis-1-dev/cloudbuild.googleapis.com",
            "project": "pdl-032022-bis-1-dev",
            "service": "cloudbuild.googleapis.com",
            "timeouts": null
          },
          "sensitive_attributes": [],
          "private": "eyJlMmJmYjczMC1lY2FhLTExZTYtOGY4OC0zNDM2M2JjN2M0YzAiOnsiY3JlYXRlIjoxMjAwMDAwMDAwMDAwLCJkZWxldGUiOjEyMDAwMDAwMDAwMDAsInJlYWQiOjYwMDAwMDAwMDAwMCwidXBkYXRlIjoxMjAwMDAwMDAwMDAwfX0=",
          "dependencies": [
            "data.google_billing_account.acct",
            "google_project.create_project"
          ]
        }
      ]
    },
    {
      "mode": "managed",
      "type": "google_project_service",
      "name": "cloudfunctions_api",
      "provider": "provider[\"registry.terraform.io/hashicorp/google\"]",
      "instances": [
        {
          "schema_version": 0,
          "attributes": {
            "disable_dependent_services": null,
            "disable_on_destroy": true,
            "id": "pdl-032022-bis-1-dev/cloudfunctions.googleapis.com",
            "project": "pdl-032022-bis-1-dev",
            "service": "cloudfunctions.googleapis.com",
            "timeouts": null
          },
          "sensitive_attributes": [],
          "private": "eyJlMmJmYjczMC1lY2FhLTExZTYtOGY4OC0zNDM2M2JjN2M0YzAiOnsiY3JlYXRlIjoxMjAwMDAwMDAwMDAwLCJkZWxldGUiOjEyMDAwMDAwMDAwMDAsInJlYWQiOjYwMDAwMDAwMDAwMCwidXBkYXRlIjoxMjAwMDAwMDAwMDAwfX0=",
          "dependencies": [
            "data.google_billing_account.acct",
            "google_project.create_project"
          ]
        }
      ]
    },
    {
      "mode": "managed",
      "type": "google_storage_bucket",
      "name": "bucket-auto-expire-handled",
      "provider": "provider[\"registry.terraform.io/hashicorp/google\"]",
      "instances": [
        {
          "schema_version": 0,
          "attributes": {
            "cors": [],
            "default_event_based_hold": false,
            "encryption": [],
            "force_destroy": true,
            "id": "bkt-pdl-032022-bis-1-dev-handled",
            "labels": {},
            "lifecycle_rule": [
              {
                "action": [
                  {
                    "storage_class": "",
                    "type": "Delete"
                  }
                ],
                "condition": [
                  {
                    "age": 15,
                    "created_before": "",
                    "custom_time_before": "",
                    "days_since_custom_time": 0,
                    "days_since_noncurrent_time": 0,
                    "matches_storage_class": [],
                    "noncurrent_time_before": "",
                    "num_newer_versions": 0,
                    "with_state": "ANY"
                  }
                ]
              }
            ],
            "location": "EUROPE-WEST1",
            "logging": [],
            "name": "bkt-pdl-032022-bis-1-dev-handled",
            "project": "pdl-032022-bis-1-dev",
            "requester_pays": false,
            "retention_policy": [],
            "self_link": "https://www.googleapis.com/storage/v1/b/bkt-pdl-032022-bis-1-dev-handled",
            "storage_class": "STANDARD",
            "timeouts": null,
            "uniform_bucket_level_access": false,
            "url": "gs://bkt-pdl-032022-bis-1-dev-handled",
            "versioning": [],
            "website": []
          },
          "sensitive_attributes": [],
          "private": "eyJlMmJmYjczMC1lY2FhLTExZTYtOGY4OC0zNDM2M2JjN2M0YzAiOnsiY3JlYXRlIjoyNDAwMDAwMDAwMDAsInJlYWQiOjI0MDAwMDAwMDAwMCwidXBkYXRlIjoyNDAwMDAwMDAwMDB9fQ==",
          "dependencies": [
            "data.google_billing_account.acct",
            "google_project.create_project"
          ]
        }
      ]
    },
    {
      "mode": "managed",
      "type": "google_storage_bucket",
      "name": "bucket-auto-expire-in",
      "provider": "provider[\"registry.terraform.io/hashicorp/google\"]",
      "instances": [
        {
          "schema_version": 0,
          "attributes": {
            "cors": [],
            "default_event_based_hold": false,
            "encryption": [],
            "force_destroy": true,
            "id": "bkt-pdl-032022-bis-1-dev-in",
            "labels": {},
            "lifecycle_rule": [
              {
                "action": [
                  {
                    "storage_class": "",
                    "type": "Delete"
                  }
                ],
                "condition": [
                  {
                    "age": 15,
                    "created_before": "",
                    "custom_time_before": "",
                    "days_since_custom_time": 0,
                    "days_since_noncurrent_time": 0,
                    "matches_storage_class": [],
                    "noncurrent_time_before": "",
                    "num_newer_versions": 0,
                    "with_state": "ANY"
                  }
                ]
              }
            ],
            "location": "EUROPE-WEST1",
            "logging": [],
            "name": "bkt-pdl-032022-bis-1-dev-in",
            "project": "pdl-032022-bis-1-dev",
            "requester_pays": false,
            "retention_policy": [],
            "self_link": "https://www.googleapis.com/storage/v1/b/bkt-pdl-032022-bis-1-dev-in",
            "storage_class": "STANDARD",
            "timeouts": null,
            "uniform_bucket_level_access": false,
            "url": "gs://bkt-pdl-032022-bis-1-dev-in",
            "versioning": [],
            "website": []
          },
          "sensitive_attributes": [],
          "private": "eyJlMmJmYjczMC1lY2FhLTExZTYtOGY4OC0zNDM2M2JjN2M0YzAiOnsiY3JlYXRlIjoyNDAwMDAwMDAwMDAsInJlYWQiOjI0MDAwMDAwMDAwMCwidXBkYXRlIjoyNDAwMDAwMDAwMDB9fQ==",
          "dependencies": [
            "data.google_billing_account.acct",
            "google_project.create_project"
          ]
        }
      ]
    },
    {
      "mode": "managed",
      "type": "google_storage_bucket_object",
      "name": "archive",
      "provider": "provider[\"registry.terraform.io/hashicorp/google\"]",
      "instances": [
        {
          "schema_version": 0,
          "attributes": {
            "bucket": "bkt-pdl-032022-bis-1-dev-handled",
            "cache_control": "",
            "content": null,
            "content_disposition": "",
            "content_encoding": "",
            "content_language": "",
            "content_type": "application/zip",
            "crc32c": "s9r/2w==",
            "customer_encryption": [],
            "detect_md5hash": "2Q9azQ5MxV4Nv/lkeSr0qQ==",
            "event_based_hold": false,
            "id": "bkt-pdl-032022-bis-1-dev-handled-archive/",
            "kms_key_name": "",
            "md5hash": "2Q9azQ5MxV4Nv/lkeSr0qQ==",
            "media_link": "https://storage.googleapis.com/download/storage/v1/b/bkt-pdl-032022-bis-1-dev-handled/o/archive%2F?generation=1649001467504506\u0026alt=media",
            "metadata": {},
            "name": "archive/",
            "output_name": "archive/",
            "self_link": "https://www.googleapis.com/storage/v1/b/bkt-pdl-032022-bis-1-dev-handled/o/archive%2F",
            "source": "../../../src/code.zip",
            "storage_class": "STANDARD",
            "temporary_hold": false,
            "timeouts": null
          },
          "sensitive_attributes": [],
          "private": "eyJlMmJmYjczMC1lY2FhLTExZTYtOGY4OC0zNDM2M2JjN2M0YzAiOnsiY3JlYXRlIjoyNDAwMDAwMDAwMDAsImRlbGV0ZSI6MjQwMDAwMDAwMDAwLCJ1cGRhdGUiOjI0MDAwMDAwMDAwMH19",
          "dependencies": [
            "data.google_billing_account.acct",
            "google_project.create_project",
            "google_storage_bucket.bucket-auto-expire-handled"
          ]
        }
      ]
    },
    {
      "mode": "managed",
      "type": "google_storage_bucket_object",
      "name": "rejet",
      "provider": "provider[\"registry.terraform.io/hashicorp/google\"]",
      "instances": [
        {
          "schema_version": 0,
          "attributes": {
            "bucket": "bkt-pdl-032022-bis-1-dev-handled",
            "cache_control": "",
            "content": "rejet.txt",
            "content_disposition": "",
            "content_encoding": "",
            "content_language": "",
            "content_type": "text/plain; charset=utf-8",
            "crc32c": "ktFMNg==",
            "customer_encryption": [],
            "detect_md5hash": "PZ6P4xfy/vG6OetQ+9yDnA==",
            "event_based_hold": false,
            "id": "bkt-pdl-032022-bis-1-dev-handled-rejet/",
            "kms_key_name": "",
            "md5hash": "PZ6P4xfy/vG6OetQ+9yDnA==",
            "media_link": "https://storage.googleapis.com/download/storage/v1/b/bkt-pdl-032022-bis-1-dev-handled/o/rejet%2F?generation=1649001467503368\u0026alt=media",
            "metadata": {},
            "name": "rejet/",
            "output_name": "rejet/",
            "self_link": "https://www.googleapis.com/storage/v1/b/bkt-pdl-032022-bis-1-dev-handled/o/rejet%2F",
            "source": null,
            "storage_class": "STANDARD",
            "temporary_hold": false,
            "timeouts": null
          },
          "sensitive_attributes": [],
          "private": "eyJlMmJmYjczMC1lY2FhLTExZTYtOGY4OC0zNDM2M2JjN2M0YzAiOnsiY3JlYXRlIjoyNDAwMDAwMDAwMDAsImRlbGV0ZSI6MjQwMDAwMDAwMDAwLCJ1cGRhdGUiOjI0MDAwMDAwMDAwMH19",
          "dependencies": [
            "data.google_billing_account.acct",
            "google_project.create_project",
            "google_storage_bucket.bucket-auto-expire-handled"
          ]
        }
      ]
    },
    {
      "mode": "managed",
      "type": "google_storage_bucket_object",
      "name": "source_code",
      "provider": "provider[\"registry.terraform.io/hashicorp/google\"]",
      "instances": [
        {
          "schema_version": 0,
          "attributes": {
            "bucket": "bkt-pdl-032022-bis-1-dev-handled",
            "cache_control": "",
            "content": null,
            "content_disposition": "",
            "content_encoding": "",
            "content_language": "",
            "content_type": "application/zip",
            "crc32c": "s9r/2w==",
            "customer_encryption": [],
            "detect_md5hash": "2Q9azQ5MxV4Nv/lkeSr0qQ==",
            "event_based_hold": false,
            "id": "bkt-pdl-032022-bis-1-dev-handled-src_code/code.zip",
            "kms_key_name": "",
            "md5hash": "2Q9azQ5MxV4Nv/lkeSr0qQ==",
            "media_link": "https://storage.googleapis.com/download/storage/v1/b/bkt-pdl-032022-bis-1-dev-handled/o/src_code%2Fcode.zip?generation=1649001467502478\u0026alt=media",
            "metadata": {},
            "name": "src_code/code.zip",
            "output_name": "src_code/code.zip",
            "self_link": "https://www.googleapis.com/storage/v1/b/bkt-pdl-032022-bis-1-dev-handled/o/src_code%2Fcode.zip",
            "source": "../../../src/code.zip",
            "storage_class": "STANDARD",
            "temporary_hold": false,
            "timeouts": null
          },
          "sensitive_attributes": [],
          "private": "eyJlMmJmYjczMC1lY2FhLTExZTYtOGY4OC0zNDM2M2JjN2M0YzAiOnsiY3JlYXRlIjoyNDAwMDAwMDAwMDAsImRlbGV0ZSI6MjQwMDAwMDAwMDAwLCJ1cGRhdGUiOjI0MDAwMDAwMDAwMH19",
          "dependencies": [
            "data.google_billing_account.acct",
            "google_project.create_project",
            "google_storage_bucket.bucket-auto-expire-handled"
          ]
        }
      ]
    }
  ]
}
